
Microsoft Visual Studio Solution File, Format Version 12.00
# Visual Studio 2013
VisualStudioVersion = 12.0.31101.0
MinimumVisualStudioVersion = 10.0.40219.1
Project("{FAE04EC0-301F-11D3-BF4B-00C04F79EFBC}") = "PlayerManagement_QuyetNV", "PlayerManagement_QuyetNV\PlayerManagement_QuyetNV.csproj", "{A046657F-49D0-4951-8978-9F75218975CD}"
EndProject
Project("{FAE04EC0-301F-11D3-BF4B-00C04F79EFBC}") = "Test_Project", "Test_Project\Test_Project.csproj", "{5234B72A-5765-4565-903A-0620A4FEF7E7}"
EndProject
Global
	GlobalSection(SolutionConfigurationPlatforms) = preSolution
		Debug|Any CPU = Debug|Any CPU
		Release|Any CPU = Release|Any CPU
	EndGlobalSection
	GlobalSection(ProjectConfigurationPlatforms) = postSolution
		{A046657F-49D0-4951-8978-9F75218975CD}.Debug|Any CPU.ActiveCfg = Debug|Any CPU
		{A046657F-49D0-4951-8978-9F75218975CD}.Debug|Any CPU.Build.0 = Debug|Any CPU
		{A046657F-49D0-4951-8978-9F75218975CD}.Release|Any CPU.ActiveCfg = Release|Any CPU
		{A046657F-49D0-4951-8978-9F75218975CD}.Release|Any CPU.Build.0 = Release|Any CPU
		{5234B72A-5765-4565-903A-0620A4FEF7E7}.Debug|Any CPU.ActiveCfg = Debug|Any CPU
		{5234B72A-5765-4565-903A-0620A4FEF7E7}.Debug|Any CPU.Build.0 = Debug|Any CPU
		{5234B72A-5765-4565-903A-0620A4FEF7E7}.Release|Any CPU.ActiveCfg = Release|Any CPU
		{5234B72A-5765-4565-903A-0620A4FEF7E7}.Release|Any CPU.Build.0 = Release|Any CPU
	EndGlobalSection
	GlobalSection(SolutionProperties) = preSolution
		HideSolutionNode = FALSE
	EndGlobalSection
EndGlobal
